
Microsoft Visual Studio Solution File, Format Version 12.00
# Visual Studio Version 17
VisualStudioVersion = 17.3.32825.248
MinimumVisualStudioVersion = 10.0.40219.1
Project("{9A19103F-16F7-4668-BE54-9A1E7A4F7556}") = "Gaz-vod_Praktika", "Gaz-vod_Praktika\Gaz-vod_Praktika.csproj", "{1058C293-A6C7-47C8-8D98-5450D952E99D}"
EndProject
Global
	GlobalSection(SolutionConfigurationPlatforms) = preSolution
		Debug|Any CPU = Debug|Any CPU
		Release|Any CPU = Release|Any CPU
	EndGlobalSection
	GlobalSection(ProjectConfigurationPlatforms) = postSolution
		{1058C293-A6C7-47C8-8D98-5450D952E99D}.Debug|Any CPU.ActiveCfg = Debug|Any CPU
		{1058C293-A6C7-47C8-8D98-5450D952E99D}.Debug|Any CPU.Build.0 = Debug|Any CPU
		{1058C293-A6C7-47C8-8D98-5450D952E99D}.Release|Any CPU.ActiveCfg = Release|Any CPU
		{1058C293-A6C7-47C8-8D98-5450D952E99D}.Release|Any CPU.Build.0 = Release|Any CPU
	EndGlobalSection
	GlobalSection(SolutionProperties) = preSolution
		HideSolutionNode = FALSE
	EndGlobalSection
	GlobalSection(ExtensibilityGlobals) = postSolution
		SolutionGuid = {44E774F6-6A65-4F4D-A705-9681DFBBFF9E}
	EndGlobalSection
EndGlobal
